# This file is automatically @generated by Poetry 1.8.4 and should not be changed by hand.

[[package]]
name = "colorama"
version = "0.4.6"
description = "Cross-platform colored terminal text."
optional = false
python-versions = "!=3.0.*,!=3.1.*,!=3.2.*,!=3.3.*,!=3.4.*,!=3.5.*,!=3.6.*,>=2.7"
files = [
    {file = "colorama-0.4.6-py2.py3-none-any.whl", hash = "sha256:4f1d9991f5acc0ca119f9d443620b77f9d6b33703e51011c16baf57afb285fc6"},
    {file = "colorama-0.4.6.tar.gz", hash = "sha256:08695f5cb7ed6e0531a20572697297273c47b8cae5a63ffc6d6ed5c201be6e44"},
]

[[package]]
name = "exceptiongroup"
version = "1.2.2"
description = "Backport of PEP 654 (exception groups)"
optional = false
python-versions = ">=3.7"
files = [
    {file = "exceptiongroup-1.2.2-py3-none-any.whl", hash = "sha256:3111b9d131c238bec2f8f516e123e14ba243563fb135d3fe885990585aa7795b"},
    {file = "exceptiongroup-1.2.2.tar.gz", hash = "sha256:47c2edf7c6738fafb49fd34290706d1a1a2f4d1c6df275526b62cbb4aa5393cc"},
]

[package.extras]
test = ["pytest (>=6)"]

[[package]]
name = "iniconfig"
version = "2.0.0"
description = "brain-dead simple config-ini parsing"
optional = false
python-versions = ">=3.7"
files = [
    {file = "iniconfig-2.0.0-py3-none-any.whl", hash = "sha256:b6a85871a79d2e3b22d2d1b94ac2824226a63c6b741c88f7ae975f18b6778374"},
    {file = "iniconfig-2.0.0.tar.gz", hash = "sha256:2d91e135bf72d31a410b17c16da610a82cb55f6b0477d1a902134b24a455b8b3"},
]

[[package]]
name = "jax"
version = "0.4.26"
description = "Differentiate, compile, and transform Numpy code."
optional = false
python-versions = ">=3.9"
files = [
    {file = "jax-0.4.26-py3-none-any.whl", hash = "sha256:50dc795148ee6b0735b48b477e5abc556aa3a4c7af5d6940dad08024a908b02f"},
    {file = "jax-0.4.26.tar.gz", hash = "sha256:2cce025d0a279ec630d550524749bc8efe25d2ff47240d2a7d4cfbc5090c5383"},
]

[package.dependencies]
jax-cuda12-plugin = {version = "0.4.26", optional = true, markers = "extra == \"cuda12\""}
jaxlib = {version = "0.4.26", optional = true, markers = "extra == \"cuda12\""}
ml-dtypes = ">=0.2.0"
numpy = [
    {version = ">=1.26.0", markers = "python_version >= \"3.12\""},
    {version = ">=1.23.2", markers = "python_version >= \"3.11\" and python_version < \"3.12\""},
    {version = ">=1.22", markers = "python_version < \"3.11\""},
]
nvidia-cublas-cu12 = {version = ">=12.1.3.1", optional = true, markers = "extra == \"cuda12\""}
nvidia-cuda-cupti-cu12 = {version = ">=12.1.105", optional = true, markers = "extra == \"cuda12\""}
nvidia-cuda-nvcc-cu12 = {version = ">=12.1.105", optional = true, markers = "extra == \"cuda12\""}
nvidia-cuda-runtime-cu12 = {version = ">=12.1.105", optional = true, markers = "extra == \"cuda12\""}
nvidia-cudnn-cu12 = {version = ">=8.9.2.26,<9.0", optional = true, markers = "extra == \"cuda12\""}
nvidia-cufft-cu12 = {version = ">=11.0.2.54", optional = true, markers = "extra == \"cuda12\""}
nvidia-cusolver-cu12 = {version = ">=11.4.5.107", optional = true, markers = "extra == \"cuda12\""}
nvidia-cusparse-cu12 = {version = ">=12.1.0.106", optional = true, markers = "extra == \"cuda12\""}
nvidia-nccl-cu12 = {version = ">=2.18.1", optional = true, markers = "extra == \"cuda12\""}
nvidia-nvjitlink-cu12 = {version = ">=12.1.105", optional = true, markers = "extra == \"cuda12\""}
opt-einsum = "*"
scipy = [
    {version = ">=1.11.1", markers = "python_version >= \"3.12\""},
    {version = ">=1.9", markers = "python_version < \"3.12\""},
]

[package.extras]
australis = ["protobuf (>=3.13,<4)"]
ci = ["jaxlib (==0.4.25)"]
cpu = ["jaxlib (==0.4.26)"]
cuda = ["jaxlib (==0.4.26+cuda12.cudnn89)"]
cuda12 = ["jax-cuda12-plugin (==0.4.26)", "jaxlib (==0.4.26)", "nvidia-cublas-cu12 (>=12.1.3.1)", "nvidia-cuda-cupti-cu12 (>=12.1.105)", "nvidia-cuda-nvcc-cu12 (>=12.1.105)", "nvidia-cuda-runtime-cu12 (>=12.1.105)", "nvidia-cudnn-cu12 (>=8.9.2.26,<9.0)", "nvidia-cufft-cu12 (>=11.0.2.54)", "nvidia-cusolver-cu12 (>=11.4.5.107)", "nvidia-cusparse-cu12 (>=12.1.0.106)", "nvidia-nccl-cu12 (>=2.18.1)", "nvidia-nvjitlink-cu12 (>=12.1.105)"]
cuda12-cudnn89 = ["jaxlib (==0.4.26+cuda12.cudnn89)"]
cuda12-local = ["jaxlib (==0.4.26+cuda12.cudnn89)"]
cuda12-pip = ["jaxlib (==0.4.26+cuda12.cudnn89)", "nvidia-cublas-cu12 (>=12.1.3.1)", "nvidia-cuda-cupti-cu12 (>=12.1.105)", "nvidia-cuda-nvcc-cu12 (>=12.1.105)", "nvidia-cuda-runtime-cu12 (>=12.1.105)", "nvidia-cudnn-cu12 (>=8.9.2.26,<9.0)", "nvidia-cufft-cu12 (>=11.0.2.54)", "nvidia-cusolver-cu12 (>=11.4.5.107)", "nvidia-cusparse-cu12 (>=12.1.0.106)", "nvidia-nccl-cu12 (>=2.18.1)", "nvidia-nvjitlink-cu12 (>=12.1.105)"]
minimum-jaxlib = ["jaxlib (==0.4.20)"]
tpu = ["jaxlib (==0.4.26)", "libtpu-nightly (==0.1.dev20240403)", "requests"]

[[package]]
name = "jax-cuda12-pjrt"
version = "0.4.26"
description = "JAX XLA PJRT Plugin for NVIDIA GPUs"
optional = false
python-versions = "*"
files = [
    {file = "jax_cuda12_pjrt-0.4.26-py3-none-manylinux2014_x86_64.whl", hash = "sha256:05e4cca6bc0159ea931a560481b573f4cfbaa700e4e0db8f9a851ffc8e60f450"},
]

[[package]]
name = "jax-cuda12-plugin"
version = "0.4.26"
description = "JAX Plugin for NVIDIA GPUs"
optional = false
python-versions = ">=3.9"
files = [
    {file = "jax_cuda12_plugin-0.4.26-cp310-cp310-manylinux2014_x86_64.whl", hash = "sha256:50c958cea070dc9598d4bc4b514c674b6e08123fc70ffeeb3dac0fbed9270322"},
    {file = "jax_cuda12_plugin-0.4.26-cp311-cp311-manylinux2014_x86_64.whl", hash = "sha256:9a857dd23758a06630355d616388e1b74fc8083e55f14473555422ead65ba3c4"},
    {file = "jax_cuda12_plugin-0.4.26-cp312-cp312-manylinux2014_x86_64.whl", hash = "sha256:7bf1c1044f72c6ad80cb4347bf3c959b1b409fba21e669a1fe3ae4b58c19a6ba"},
    {file = "jax_cuda12_plugin-0.4.26-cp39-cp39-manylinux2014_x86_64.whl", hash = "sha256:79d4fd24b817d507cc6c0c14e88f483038335ef024202a29eb3dd6df583741bc"},
]

[package.dependencies]
jax-cuda12-pjrt = "0.4.26"

[[package]]
name = "jaxlib"
version = "0.4.26"
description = "XLA library for JAX"
optional = false
python-versions = ">=3.9"
files = [
    {file = "jaxlib-0.4.26-cp310-cp310-macosx_10_14_x86_64.whl", hash = "sha256:f9060fd81d1b2a2c2069e998db2be04853c40a244ab9edb1caf1c5cbd2f70881"},
    {file = "jaxlib-0.4.26-cp310-cp310-macosx_11_0_arm64.whl", hash = "sha256:e61ded57e05764350f7065583d85ab9270e7f7ed6b9f9d9394fe6ff64d96aab7"},
    {file = "jaxlib-0.4.26-cp310-cp310-manylinux2014_aarch64.whl", hash = "sha256:d483aff58898bf37e341d6241cecb3e107aebe4ca237fe6267d4c18b7c09ea90"},
    {file = "jaxlib-0.4.26-cp310-cp310-manylinux2014_x86_64.whl", hash = "sha256:22e943ed10faa7d85fd804ddc20581bf6fbcc60e114435c3b3327b9f1ebff895"},
    {file = "jaxlib-0.4.26-cp310-cp310-win_amd64.whl", hash = "sha256:eb0cc16efc6313eb100688a38078061caa3c907ebfa1d315485a08fd27f374dc"},
    {file = "jaxlib-0.4.26-cp311-cp311-macosx_10_14_x86_64.whl", hash = "sha256:de4b9a54cd96e6a732c1cf65ae2defdf6a01558a15db8bf6dbd8f40d363b085d"},
    {file = "jaxlib-0.4.26-cp311-cp311-macosx_11_0_arm64.whl", hash = "sha256:8cbdcb95ac73f80ea3a82a53b8f0621f37dfb01ab0203de6fc6691a4e2396984"},
    {file = "jaxlib-0.4.26-cp311-cp311-manylinux2014_aarch64.whl", hash = "sha256:6754ee0d4dd44f708c3826c51ce648c5e08cfc56cabf23d4f3b428971ab00094"},
    {file = "jaxlib-0.4.26-cp311-cp311-manylinux2014_x86_64.whl", hash = "sha256:3069da7d75f5b4dd15350fffe6e6b86ca09c4b9fde60b10515edb09cef653335"},
    {file = "jaxlib-0.4.26-cp311-cp311-win_amd64.whl", hash = "sha256:516d2b573975bd666278badd650620d5edf3abb835978459d78f135e95419b04"},
    {file = "jaxlib-0.4.26-cp312-cp312-macosx_10_14_x86_64.whl", hash = "sha256:2c66fe8285fed13bcd44b7e10aa90a25a4a58af82450a4b18d0f1573c04a7797"},
    {file = "jaxlib-0.4.26-cp312-cp312-macosx_11_0_arm64.whl", hash = "sha256:9275761ae907ec0e812031bbae644f7a217e314e62d518c85d60ce686d3a3b0b"},
    {file = "jaxlib-0.4.26-cp312-cp312-manylinux2014_aarch64.whl", hash = "sha256:597df919f00646d3f9c6feb2a39c9fa0fca00032f19cfe758916db3db30d416a"},
    {file = "jaxlib-0.4.26-cp312-cp312-manylinux2014_x86_64.whl", hash = "sha256:f084dd65f2b3cd804102d9cecf938d876cbbd54cb95308634020fc71b98fac79"},
    {file = "jaxlib-0.4.26-cp312-cp312-win_amd64.whl", hash = "sha256:72f117535d6dbc568adbcf6e1740037e0fe1d6e5b9558ea4158556005cf72bfc"},
    {file = "jaxlib-0.4.26-cp39-cp39-macosx_10_14_x86_64.whl", hash = "sha256:0fea35b04cce0a6a758fd005132c02122dd49be5914d70c7d54e8eafdf3f352b"},
    {file = "jaxlib-0.4.26-cp39-cp39-macosx_11_0_arm64.whl", hash = "sha256:520f71795c411b41cbea13488f1b17610780d7d9afc02ac5f9931a8c975780cb"},
    {file = "jaxlib-0.4.26-cp39-cp39-manylinux2014_aarch64.whl", hash = "sha256:d7bbb75f8e63c5ada57a386b7bfaac301f689149ba132509ccd0c865b2ebd4d2"},
    {file = "jaxlib-0.4.26-cp39-cp39-manylinux2014_x86_64.whl", hash = "sha256:80b2440072da25d85634e98f755b8381781bd4c1ab4023b2ae0956c360124080"},
    {file = "jaxlib-0.4.26-cp39-cp39-win_amd64.whl", hash = "sha256:96c9a183d7a56572a5c1508de317a05badddfbbc8370a8fa8a2e548d5e059dc3"},
]

[package.dependencies]
ml-dtypes = ">=0.2.0"
numpy = ">=1.22"
scipy = [
    {version = ">=1.11.1", markers = "python_version >= \"3.12\""},
    {version = ">=1.9", markers = "python_version < \"3.12\""},
]

[package.extras]
cuda12-pip = ["nvidia-cublas-cu12 (>=12.1.3.1)", "nvidia-cuda-cupti-cu12 (>=12.1.105)", "nvidia-cuda-nvcc-cu12 (>=12.1.105)", "nvidia-cuda-runtime-cu12 (>=12.1.105)", "nvidia-cudnn-cu12 (>=8.9.2.26,<9.0)", "nvidia-cufft-cu12 (>=11.0.2.54)", "nvidia-cusolver-cu12 (>=11.4.5.107)", "nvidia-cusparse-cu12 (>=12.1.0.106)", "nvidia-nccl-cu12 (>=2.18.1)", "nvidia-nvjitlink-cu12 (>=12.1.105)"]

[[package]]
name = "ml-dtypes"
version = "0.5.0"
description = ""
optional = false
python-versions = ">=3.9"
files = [
    {file = "ml_dtypes-0.5.0-cp310-cp310-macosx_10_9_universal2.whl", hash = "sha256:8c32138975797e681eb175996d64356bcfa124bdbb6a70460b9768c2b35a6fa4"},
    {file = "ml_dtypes-0.5.0-cp310-cp310-manylinux_2_17_aarch64.manylinux2014_aarch64.whl", hash = "sha256:ab046f2ff789b1f11b2491909682c5d089934835f9a760fafc180e47dcb676b8"},
    {file = "ml_dtypes-0.5.0-cp310-cp310-manylinux_2_17_x86_64.manylinux2014_x86_64.whl", hash = "sha256:c7a9152f5876fef565516aa5dd1dccd6fc298a5891b2467973905103eb5c7856"},
    {file = "ml_dtypes-0.5.0-cp310-cp310-win_amd64.whl", hash = "sha256:968fede07d1f9b926a63df97d25ac656cac1a57ebd33701734eaf704bc55d8d8"},
    {file = "ml_dtypes-0.5.0-cp311-cp311-macosx_10_9_universal2.whl", hash = "sha256:60275f2b51b56834e840c4809fca840565f9bf8e9a73f6d8c94f5b5935701215"},
    {file = "ml_dtypes-0.5.0-cp311-cp311-manylinux_2_17_aarch64.manylinux2014_aarch64.whl", hash = "sha256:76942f6aeb5c40766d5ea62386daa4148e6a54322aaf5b53eae9e7553240222f"},
    {file = "ml_dtypes-0.5.0-cp311-cp311-manylinux_2_17_x86_64.manylinux2014_x86_64.whl", hash = "sha256:2e7534392682c3098bc7341648c650864207169c654aed83143d7a19c67ae06f"},
    {file = "ml_dtypes-0.5.0-cp311-cp311-win_amd64.whl", hash = "sha256:dc74fd9995513d33eac63d64e436240f5494ec74d522a9f0920194942fc3d2d7"},
    {file = "ml_dtypes-0.5.0-cp312-cp312-macosx_10_9_universal2.whl", hash = "sha256:d4b1a70a3e5219790d6b55b9507606fc4e02911d1497d16c18dd721eb7efe7d0"},
    {file = "ml_dtypes-0.5.0-cp312-cp312-manylinux_2_17_aarch64.manylinux2014_aarch64.whl", hash = "sha256:a988bac6572630e1e9c2edd9b1277b4eefd1c86209e52b0d061b775ac33902ff"},
    {file = "ml_dtypes-0.5.0-cp312-cp312-manylinux_2_17_x86_64.manylinux2014_x86_64.whl", hash = "sha256:a38df8df61194aeaae1ab7579075779b4ad32cd1cffd012c28be227fa7f2a70a"},
    {file = "ml_dtypes-0.5.0-cp312-cp312-win_amd64.whl", hash = "sha256:afa08343069874a30812871d639f9c02b4158ace065601406a493a8511180c02"},
    {file = "ml_dtypes-0.5.0-cp313-cp313-macosx_10_13_universal2.whl", hash = "sha256:d3b3db9990c3840986a0e70524e122cfa32b91139c3653df76121ba7776e015f"},
    {file = "ml_dtypes-0.5.0-cp313-cp313-manylinux_2_17_aarch64.manylinux2014_aarch64.whl", hash = "sha256:e04fde367b2fe901b1d47234426fe8819909bd1dd862a5adb630f27789c20599"},
    {file = "ml_dtypes-0.5.0-cp313-cp313-manylinux_2_17_x86_64.manylinux2014_x86_64.whl", hash = "sha256:54415257f00eb44fbcc807454efac3356f75644f1cbfc2d4e5522a72ae1dacab"},
    {file = "ml_dtypes-0.5.0-cp313-cp313-win_amd64.whl", hash = "sha256:cb5cc7b25acabd384f75bbd78892d0c724943f3e2e1986254665a1aa10982e07"},
    {file = "ml_dtypes-0.5.0-cp39-cp39-macosx_10_9_universal2.whl", hash = "sha256:5f2b59233a0dbb6a560b3137ed6125433289ccba2f8d9c3695a52423a369ed15"},
    {file = "ml_dtypes-0.5.0-cp39-cp39-manylinux_2_17_aarch64.manylinux2014_aarch64.whl", hash = "sha256:099e09edd54e676903b4538f3815b5ab96f5b119690514602d96bfdb67172cbe"},
    {file = "ml_dtypes-0.5.0-cp39-cp39-manylinux_2_17_x86_64.manylinux2014_x86_64.whl", hash = "sha256:a03fc861b86cc586728e3d093ba37f0cc05e65330c3ebd7688e7bae8290f8859"},
    {file = "ml_dtypes-0.5.0-cp39-cp39-win_amd64.whl", hash = "sha256:7ee9c320bb0f9ffdf9f6fa6a696ef2e005d1f66438d6f1c1457338e00a02e8cf"},
    {file = "ml_dtypes-0.5.0.tar.gz", hash = "sha256:3e7d3a380fe73a63c884f06136f8baa7a5249cc8e9fdec677997dd78549f8128"},
]

[package.dependencies]
numpy = [
    {version = ">=2.1.0", markers = "python_version >= \"3.13\""},
    {version = ">=1.26.0", markers = "python_version >= \"3.12\" and python_version < \"3.13\""},
    {version = ">=1.23.3", markers = "python_version >= \"3.11\" and python_version < \"3.12\""},
    {version = ">=1.21.2", markers = "python_version >= \"3.10\" and python_version < \"3.11\""},
]

[package.extras]
dev = ["absl-py", "pyink", "pylint (>=2.6.0)", "pytest", "pytest-xdist"]

[[package]]
name = "numpy"
version = "2.1.3"
description = "Fundamental package for array computing in Python"
optional = false
python-versions = ">=3.10"
files = [
    {file = "numpy-2.1.3-cp310-cp310-macosx_10_9_x86_64.whl", hash = "sha256:c894b4305373b9c5576d7a12b473702afdf48ce5369c074ba304cc5ad8730dff"},
    {file = "numpy-2.1.3-cp310-cp310-macosx_11_0_arm64.whl", hash = "sha256:b47fbb433d3260adcd51eb54f92a2ffbc90a4595f8970ee00e064c644ac788f5"},
    {file = "numpy-2.1.3-cp310-cp310-macosx_14_0_arm64.whl", hash = "sha256:825656d0743699c529c5943554d223c021ff0494ff1442152ce887ef4f7561a1"},
    {file = "numpy-2.1.3-cp310-cp310-macosx_14_0_x86_64.whl", hash = "sha256:6a4825252fcc430a182ac4dee5a505053d262c807f8a924603d411f6718b88fd"},
    {file = "numpy-2.1.3-cp310-cp310-manylinux_2_17_aarch64.manylinux2014_aarch64.whl", hash = "sha256:e711e02f49e176a01d0349d82cb5f05ba4db7d5e7e0defd026328e5cfb3226d3"},
    {file = "numpy-2.1.3-cp310-cp310-manylinux_2_17_x86_64.manylinux2014_x86_64.whl", hash = "sha256:78574ac2d1a4a02421f25da9559850d59457bac82f2b8d7a44fe83a64f770098"},
    {file = "numpy-2.1.3-cp310-cp310-musllinux_1_1_x86_64.whl", hash = "sha256:c7662f0e3673fe4e832fe07b65c50342ea27d989f92c80355658c7f888fcc83c"},
    {file = "numpy-2.1.3-cp310-cp310-musllinux_1_2_aarch64.whl", hash = "sha256:fa2d1337dc61c8dc417fbccf20f6d1e139896a30721b7f1e832b2bb6ef4eb6c4"},
    {file = "numpy-2.1.3-cp310-cp310-win32.whl", hash = "sha256:72dcc4a35a8515d83e76b58fdf8113a5c969ccd505c8a946759b24e3182d1f23"},
    {file = "numpy-2.1.3-cp310-cp310-win_amd64.whl", hash = "sha256:ecc76a9ba2911d8d37ac01de72834d8849e55473457558e12995f4cd53e778e0"},
    {file = "numpy-2.1.3-cp311-cp311-macosx_10_9_x86_64.whl", hash = "sha256:4d1167c53b93f1f5d8a139a742b3c6f4d429b54e74e6b57d0eff40045187b15d"},
    {file = "numpy-2.1.3-cp311-cp311-macosx_11_0_arm64.whl", hash = "sha256:c80e4a09b3d95b4e1cac08643f1152fa71a0a821a2d4277334c88d54b2219a41"},
    {file = "numpy-2.1.3-cp311-cp311-macosx_14_0_arm64.whl", hash = "sha256:576a1c1d25e9e02ed7fa5477f30a127fe56debd53b8d2c89d5578f9857d03ca9"},
    {file = "numpy-2.1.3-cp311-cp311-macosx_14_0_x86_64.whl", hash = "sha256:973faafebaae4c0aaa1a1ca1ce02434554d67e628b8d805e61f874b84e136b09"},
    {file = "numpy-2.1.3-cp311-cp311-manylinux_2_17_aarch64.manylinux2014_aarch64.whl", hash = "sha256:762479be47a4863e261a840e8e01608d124ee1361e48b96916f38b119cfda04a"},
    {file = "numpy-2.1.3-cp311-cp311-manylinux_2_17_x86_64.manylinux2014_x86_64.whl", hash = "sha256:bc6f24b3d1ecc1eebfbf5d6051faa49af40b03be1aaa781ebdadcbc090b4539b"},
    {file = "numpy-2.1.3-cp311-cp311-musllinux_1_1_x86_64.whl", hash = "sha256:17ee83a1f4fef3c94d16dc1802b998668b5419362c8a4f4e8a491de1b41cc3ee"},
    {file = "numpy-2.1.3-cp311-cp311-musllinux_1_2_aarch64.whl", hash = "sha256:15cb89f39fa6d0bdfb600ea24b250e5f1a3df23f901f51c8debaa6a5d122b2f0"},
    {file = "numpy-2.1.3-cp311-cp311-win32.whl", hash = "sha256:d9beb777a78c331580705326d2367488d5bc473b49a9bc3036c154832520aca9"},
    {file = "numpy-2.1.3-cp311-cp311-win_amd64.whl", hash = "sha256:d89dd2b6da69c4fff5e39c28a382199ddedc3a5be5390115608345dec660b9e2"},
    {file = "numpy-2.1.3-cp312-cp312-macosx_10_13_x86_64.whl", hash = "sha256:f55ba01150f52b1027829b50d70ef1dafd9821ea82905b63936668403c3b471e"},
    {file = "numpy-2.1.3-cp312-cp312-macosx_11_0_arm64.whl", hash = "sha256:13138eadd4f4da03074851a698ffa7e405f41a0845a6b1ad135b81596e4e9958"},
    {file = "numpy-2.1.3-cp312-cp312-macosx_14_0_arm64.whl", hash = "sha256:a6b46587b14b888e95e4a24d7b13ae91fa22386c199ee7b418f449032b2fa3b8"},
    {file = "numpy-2.1.3-cp312-cp312-macosx_14_0_x86_64.whl", hash = "sha256:0fa14563cc46422e99daef53d725d0c326e99e468a9320a240affffe87852564"},
    {file = "numpy-2.1.3-cp312-cp312-manylinux_2_17_aarch64.manylinux2014_aarch64.whl", hash = "sha256:8637dcd2caa676e475503d1f8fdb327bc495554e10838019651b76d17b98e512"},
    {file = "numpy-2.1.3-cp312-cp312-manylinux_2_17_x86_64.manylinux2014_x86_64.whl", hash = "sha256:2312b2aa89e1f43ecea6da6ea9a810d06aae08321609d8dc0d0eda6d946a541b"},
    {file = "numpy-2.1.3-cp312-cp312-musllinux_1_1_x86_64.whl", hash = "sha256:a38c19106902bb19351b83802531fea19dee18e5b37b36454f27f11ff956f7fc"},
    {file = "numpy-2.1.3-cp312-cp312-musllinux_1_2_aarch64.whl", hash = "sha256:02135ade8b8a84011cbb67dc44e07c58f28575cf9ecf8ab304e51c05528c19f0"},
    {file = "numpy-2.1.3-cp312-cp312-win32.whl", hash = "sha256:e6988e90fcf617da2b5c78902fe8e668361b43b4fe26dbf2d7b0f8034d4cafb9"},
    {file = "numpy-2.1.3-cp312-cp312-win_amd64.whl", hash = "sha256:0d30c543f02e84e92c4b1f415b7c6b5326cbe45ee7882b6b77db7195fb971e3a"},
    {file = "numpy-2.1.3-cp313-cp313-macosx_10_13_x86_64.whl", hash = "sha256:96fe52fcdb9345b7cd82ecd34547fca4321f7656d500eca497eb7ea5a926692f"},
    {file = "numpy-2.1.3-cp313-cp313-macosx_11_0_arm64.whl", hash = "sha256:f653490b33e9c3a4c1c01d41bc2aef08f9475af51146e4a7710c450cf9761598"},
    {file = "numpy-2.1.3-cp313-cp313-macosx_14_0_arm64.whl", hash = "sha256:dc258a761a16daa791081d026f0ed4399b582712e6fc887a95af09df10c5ca57"},
    {file = "numpy-2.1.3-cp313-cp313-macosx_14_0_x86_64.whl", hash = "sha256:016d0f6f5e77b0f0d45d77387ffa4bb89816b57c835580c3ce8e099ef830befe"},
    {file = "numpy-2.1.3-cp313-cp313-manylinux_2_17_aarch64.manylinux2014_aarch64.whl", hash = "sha256:c181ba05ce8299c7aa3125c27b9c2167bca4a4445b7ce73d5febc411ca692e43"},
    {file = "numpy-2.1.3-cp313-cp313-manylinux_2_17_x86_64.manylinux2014_x86_64.whl", hash = "sha256:5641516794ca9e5f8a4d17bb45446998c6554704d888f86df9b200e66bdcce56"},
    {file = "numpy-2.1.3-cp313-cp313-musllinux_1_1_x86_64.whl", hash = "sha256:ea4dedd6e394a9c180b33c2c872b92f7ce0f8e7ad93e9585312b0c5a04777a4a"},
    {file = "numpy-2.1.3-cp313-cp313-musllinux_1_2_aarch64.whl", hash = "sha256:b0df3635b9c8ef48bd3be5f862cf71b0a4716fa0e702155c45067c6b711ddcef"},
    {file = "numpy-2.1.3-cp313-cp313-win32.whl", hash = "sha256:50ca6aba6e163363f132b5c101ba078b8cbd3fa92c7865fd7d4d62d9779ac29f"},
    {file = "numpy-2.1.3-cp313-cp313-win_amd64.whl", hash = "sha256:747641635d3d44bcb380d950679462fae44f54b131be347d5ec2bce47d3df9ed"},
    {file = "numpy-2.1.3-cp313-cp313t-macosx_10_13_x86_64.whl", hash = "sha256:996bb9399059c5b82f76b53ff8bb686069c05acc94656bb259b1d63d04a9506f"},
    {file = "numpy-2.1.3-cp313-cp313t-macosx_11_0_arm64.whl", hash = "sha256:45966d859916ad02b779706bb43b954281db43e185015df6eb3323120188f9e4"},
    {file = "numpy-2.1.3-cp313-cp313t-macosx_14_0_arm64.whl", hash = "sha256:baed7e8d7481bfe0874b566850cb0b85243e982388b7b23348c6db2ee2b2ae8e"},
    {file = "numpy-2.1.3-cp313-cp313t-macosx_14_0_x86_64.whl", hash = "sha256:a9f7f672a3388133335589cfca93ed468509cb7b93ba3105fce780d04a6576a0"},
    {file = "numpy-2.1.3-cp313-cp313t-manylinux_2_17_aarch64.manylinux2014_aarch64.whl", hash = "sha256:d7aac50327da5d208db2eec22eb11e491e3fe13d22653dce51b0f4109101b408"},
    {file = "numpy-2.1.3-cp313-cp313t-manylinux_2_17_x86_64.manylinux2014_x86_64.whl", hash = "sha256:4394bc0dbd074b7f9b52024832d16e019decebf86caf909d94f6b3f77a8ee3b6"},
    {file = "numpy-2.1.3-cp313-cp313t-musllinux_1_1_x86_64.whl", hash = "sha256:50d18c4358a0a8a53f12a8ba9d772ab2d460321e6a93d6064fc22443d189853f"},
    {file = "numpy-2.1.3-cp313-cp313t-musllinux_1_2_aarch64.whl", hash = "sha256:14e253bd43fc6b37af4921b10f6add6925878a42a0c5fe83daee390bca80bc17"},
    {file = "numpy-2.1.3-cp313-cp313t-win32.whl", hash = "sha256:08788d27a5fd867a663f6fc753fd7c3ad7e92747efc73c53bca2f19f8bc06f48"},
    {file = "numpy-2.1.3-cp313-cp313t-win_amd64.whl", hash = "sha256:2564fbdf2b99b3f815f2107c1bbc93e2de8ee655a69c261363a1172a79a257d4"},
    {file = "numpy-2.1.3-pp310-pypy310_pp73-macosx_10_15_x86_64.whl", hash = "sha256:4f2015dfe437dfebbfce7c85c7b53d81ba49e71ba7eadbf1df40c915af75979f"},
    {file = "numpy-2.1.3-pp310-pypy310_pp73-macosx_14_0_x86_64.whl", hash = "sha256:3522b0dfe983a575e6a9ab3a4a4dfe156c3e428468ff08ce582b9bb6bd1d71d4"},
    {file = "numpy-2.1.3-pp310-pypy310_pp73-manylinux_2_17_x86_64.manylinux2014_x86_64.whl", hash = "sha256:c006b607a865b07cd981ccb218a04fc86b600411d83d6fc261357f1c0966755d"},
    {file = "numpy-2.1.3-pp310-pypy310_pp73-win_amd64.whl", hash = "sha256:e14e26956e6f1696070788252dcdff11b4aca4c3e8bd166e0df1bb8f315a67cb"},
    {file = "numpy-2.1.3.tar.gz", hash = "sha256:aa08e04e08aaf974d4458def539dece0d28146d866a39da5639596f4921fd761"},
]

[[package]]
name = "nvidia-cublas-cu12"
version = "12.6.4.1"
description = "CUBLAS native runtime libraries"
optional = false
python-versions = ">=3"
files = [
    {file = "nvidia_cublas_cu12-12.6.4.1-py3-none-manylinux2014_x86_64.manylinux_2_17_x86_64.whl", hash = "sha256:08ed2686e9875d01b58e3cb379c6896df8e76c75e0d4a7f7dace3d7b6d9ef8eb"},
    {file = "nvidia_cublas_cu12-12.6.4.1-py3-none-manylinux_2_27_aarch64.whl", hash = "sha256:235f728d6e2a409eddf1df58d5b0921cf80cfa9e72b9f2775ccb7b4a87984668"},
    {file = "nvidia_cublas_cu12-12.6.4.1-py3-none-win_amd64.whl", hash = "sha256:9e4fa264f4d8a4eb0cdbd34beadc029f453b3bafae02401e999cf3d5a5af75f8"},
]

[[package]]
name = "nvidia-cuda-cupti-cu12"
version = "12.6.80"
description = "CUDA profiling tools runtime libs."
optional = false
python-versions = ">=3"
files = [
    {file = "nvidia_cuda_cupti_cu12-12.6.80-py3-none-manylinux2014_aarch64.manylinux_2_17_aarch64.whl", hash = "sha256:166ee35a3ff1587f2490364f90eeeb8da06cd867bd5b701bf7f9a02b78bc63fc"},
    {file = "nvidia_cuda_cupti_cu12-12.6.80-py3-none-manylinux2014_aarch64.whl", hash = "sha256:358b4a1d35370353d52e12f0a7d1769fc01ff74a191689d3870b2123156184c4"},
    {file = "nvidia_cuda_cupti_cu12-12.6.80-py3-none-manylinux2014_x86_64.manylinux_2_17_x86_64.whl", hash = "sha256:6768bad6cab4f19e8292125e5f1ac8aa7d1718704012a0e3272a6f61c4bce132"},
    {file = "nvidia_cuda_cupti_cu12-12.6.80-py3-none-manylinux2014_x86_64.whl", hash = "sha256:a3eff6cdfcc6a4c35db968a06fcadb061cbc7d6dde548609a941ff8701b98b73"},
    {file = "nvidia_cuda_cupti_cu12-12.6.80-py3-none-win_amd64.whl", hash = "sha256:bbe6ae76e83ce5251b56e8c8e61a964f757175682bbad058b170b136266ab00a"},
]

[[package]]
name = "nvidia-cuda-nvcc-cu12"
version = "12.6.85"
description = "CUDA nvcc"
optional = false
python-versions = ">=3"
files = [
    {file = "nvidia_cuda_nvcc_cu12-12.6.85-py3-none-manylinux1_x86_64.manylinux_2_5_x86_64.whl", hash = "sha256:d75d9d74599f4d7c0865df19ed21b739e6cb77a6497a3f73d6f61e8038a765e4"},
    {file = "nvidia_cuda_nvcc_cu12-12.6.85-py3-none-manylinux2014_aarch64.manylinux_2_17_aarch64.whl", hash = "sha256:5d2edd5531b13e3daac8ffee9fc2b70a147e6088b2af2565924773d63d36d294"},
    {file = "nvidia_cuda_nvcc_cu12-12.6.85-py3-none-win_amd64.whl", hash = "sha256:aa04742337973dcb5bcccabb590edc8834c60ebfaf971847888d24ffef6c46b5"},
]

[[package]]
name = "nvidia-cuda-nvrtc-cu12"
version = "12.6.85"
description = "NVRTC native runtime libraries"
optional = false
python-versions = ">=3"
files = [
    {file = "nvidia_cuda_nvrtc_cu12-12.6.85-py3-none-manylinux2010_x86_64.manylinux_2_12_x86_64.whl", hash = "sha256:800927308ccc5dd6246d3f61f7fcef2ed7ec4e59e199090d360d3293f78bd5a2"},
    {file = "nvidia_cuda_nvrtc_cu12-12.6.85-py3-none-manylinux2014_aarch64.manylinux_2_17_aarch64.whl", hash = "sha256:3f3134f50963882373063901657554f230bedf6039d30b09f6be55c64c993a37"},
    {file = "nvidia_cuda_nvrtc_cu12-12.6.85-py3-none-win_amd64.whl", hash = "sha256:a419e2c95e75b88b602f8bb66f82a6c5651e8475a509841c958486b1b71510bf"},
]

[[package]]
name = "nvidia-cuda-runtime-cu12"
version = "12.6.77"
description = "CUDA Runtime native Libraries"
optional = false
python-versions = ">=3"
files = [
    {file = "nvidia_cuda_runtime_cu12-12.6.77-py3-none-manylinux2014_aarch64.manylinux_2_17_aarch64.whl", hash = "sha256:6116fad3e049e04791c0256a9778c16237837c08b27ed8c8401e2e45de8d60cd"},
    {file = "nvidia_cuda_runtime_cu12-12.6.77-py3-none-manylinux2014_aarch64.whl", hash = "sha256:d461264ecb429c84c8879a7153499ddc7b19b5f8d84c204307491989a365588e"},
    {file = "nvidia_cuda_runtime_cu12-12.6.77-py3-none-manylinux2014_x86_64.manylinux_2_17_x86_64.whl", hash = "sha256:ba3b56a4f896141e25e19ab287cd71e52a6a0f4b29d0d31609f60e3b4d5219b7"},
    {file = "nvidia_cuda_runtime_cu12-12.6.77-py3-none-manylinux2014_x86_64.whl", hash = "sha256:a84d15d5e1da416dd4774cb42edf5e954a3e60cc945698dc1d5be02321c44dc8"},
    {file = "nvidia_cuda_runtime_cu12-12.6.77-py3-none-win_amd64.whl", hash = "sha256:86c58044c824bf3c173c49a2dbc7a6c8b53cb4e4dca50068be0bf64e9dab3f7f"},
]

[[package]]
name = "nvidia-cudnn-cu12"
version = "8.9.7.29"
description = "cuDNN runtime libraries"
optional = false
python-versions = ">=3"
files = [
    {file = "nvidia_cudnn_cu12-8.9.7.29-py3-none-manylinux1_x86_64.whl", hash = "sha256:adf4f59ed7a1341103822ed8df6e144f4d47ea8b10d9bf0ea0047ba738fd7b02"},
    {file = "nvidia_cudnn_cu12-8.9.7.29-py3-none-win_amd64.whl", hash = "sha256:4447321a2bdc8bd965084c1824575eb04f47a03ab62bbeb6cce7e9f74c3657f3"},
]

[package.dependencies]
nvidia-cublas-cu12 = "*"
nvidia-cuda-nvrtc-cu12 = "*"

[[package]]
name = "nvidia-cufft-cu12"
version = "11.3.0.4"
description = "CUFFT native runtime libraries"
optional = false
python-versions = ">=3"
files = [
    {file = "nvidia_cufft_cu12-11.3.0.4-py3-none-manylinux2014_aarch64.manylinux_2_17_aarch64.whl", hash = "sha256:d16079550df460376455cba121db6564089176d9bac9e4f360493ca4741b22a6"},
    {file = "nvidia_cufft_cu12-11.3.0.4-py3-none-manylinux2014_aarch64.whl", hash = "sha256:8510990de9f96c803a051822618d42bf6cb8f069ff3f48d93a8486efdacb48fb"},
    {file = "nvidia_cufft_cu12-11.3.0.4-py3-none-manylinux2014_x86_64.manylinux_2_17_x86_64.whl", hash = "sha256:ccba62eb9cef5559abd5e0d54ceed2d9934030f51163df018532142a8ec533e5"},
    {file = "nvidia_cufft_cu12-11.3.0.4-py3-none-manylinux2014_x86_64.whl", hash = "sha256:768160ac89f6f7b459bee747e8d175dbf53619cfe74b2a5636264163138013ca"},
    {file = "nvidia_cufft_cu12-11.3.0.4-py3-none-win_amd64.whl", hash = "sha256:6048ebddfb90d09d2707efb1fd78d4e3a77cb3ae4dc60e19aab6be0ece2ae464"},
]

[package.dependencies]
nvidia-nvjitlink-cu12 = "*"

[[package]]
name = "nvidia-cusolver-cu12"
version = "11.7.1.2"
description = "CUDA solver native runtime libraries"
optional = false
python-versions = ">=3"
files = [
    {file = "nvidia_cusolver_cu12-11.7.1.2-py3-none-manylinux2014_aarch64.whl", hash = "sha256:0ce237ef60acde1efc457335a2ddadfd7610b892d94efee7b776c64bb1cac9e0"},
    {file = "nvidia_cusolver_cu12-11.7.1.2-py3-none-manylinux2014_x86_64.manylinux_2_17_x86_64.whl", hash = "sha256:e9e49843a7707e42022babb9bcfa33c29857a93b88020c4e4434656a655b698c"},
    {file = "nvidia_cusolver_cu12-11.7.1.2-py3-none-manylinux2014_x86_64.whl", hash = "sha256:6cf28f17f64107a0c4d7802be5ff5537b2130bfc112f25d5a30df227058ca0e6"},
    {file = "nvidia_cusolver_cu12-11.7.1.2-py3-none-manylinux_2_27_aarch64.whl", hash = "sha256:dbbe4fc38ec1289c7e5230e16248365e375c3673c9c8bac5796e2e20db07f56e"},
    {file = "nvidia_cusolver_cu12-11.7.1.2-py3-none-win_amd64.whl", hash = "sha256:6813f9d8073f555444a8705f3ab0296d3e1cb37a16d694c5fc8b862a0d8706d7"},
]

[package.dependencies]
nvidia-cublas-cu12 = "*"
nvidia-cusparse-cu12 = "*"
nvidia-nvjitlink-cu12 = "*"

[[package]]
name = "nvidia-cusparse-cu12"
version = "12.5.4.2"
description = "CUSPARSE native runtime libraries"
optional = false
python-versions = ">=3"
files = [
    {file = "nvidia_cusparse_cu12-12.5.4.2-py3-none-manylinux2014_aarch64.manylinux_2_17_aarch64.whl", hash = "sha256:d25b62fb18751758fe3c93a4a08eff08effedfe4edf1c6bb5afd0890fe88f887"},
    {file = "nvidia_cusparse_cu12-12.5.4.2-py3-none-manylinux2014_aarch64.whl", hash = "sha256:7aa32fa5470cf754f72d1116c7cbc300b4e638d3ae5304cfa4a638a5b87161b1"},
    {file = "nvidia_cusparse_cu12-12.5.4.2-py3-none-manylinux2014_x86_64.manylinux_2_17_x86_64.whl", hash = "sha256:7556d9eca156e18184b94947ade0fba5bb47d69cec46bf8660fd2c71a4b48b73"},
    {file = "nvidia_cusparse_cu12-12.5.4.2-py3-none-manylinux2014_x86_64.whl", hash = "sha256:23749a6571191a215cb74d1cdbff4a86e7b19f1200c071b3fcf844a5bea23a2f"},
    {file = "nvidia_cusparse_cu12-12.5.4.2-py3-none-win_amd64.whl", hash = "sha256:4acb8c08855a26d737398cba8fb6f8f5045d93f82612b4cfd84645a2332ccf20"},
]

[package.dependencies]
nvidia-nvjitlink-cu12 = "*"

[[package]]
name = "nvidia-nccl-cu12"
version = "2.23.4"
description = "NVIDIA Collective Communication Library (NCCL) Runtime"
optional = false
python-versions = ">=3"
files = [
    {file = "nvidia_nccl_cu12-2.23.4-py3-none-manylinux2014_aarch64.whl", hash = "sha256:aa946c8327e22ced28e7cef508a334673abc42064ec85f02d005ba1785ea4cec"},
    {file = "nvidia_nccl_cu12-2.23.4-py3-none-manylinux2014_x86_64.whl", hash = "sha256:b097258d9aab2fa9f686e33c6fe40ae57b27df60cedbd15d139701bb5509e0c1"},
]

[[package]]
name = "nvidia-nvjitlink-cu12"
version = "12.6.85"
description = "Nvidia JIT LTO Library"
optional = false
python-versions = ">=3"
files = [
    {file = "nvidia_nvjitlink_cu12-12.6.85-py3-none-manylinux2010_x86_64.manylinux_2_12_x86_64.whl", hash = "sha256:eedc36df9e88b682efe4309aa16b5b4e78c2407eac59e8c10a6a47535164369a"},
    {file = "nvidia_nvjitlink_cu12-12.6.85-py3-none-manylinux2014_aarch64.manylinux_2_17_aarch64.whl", hash = "sha256:cf4eaa7d4b6b543ffd69d6abfb11efdeb2db48270d94dfd3a452c24150829e41"},
    {file = "nvidia_nvjitlink_cu12-12.6.85-py3-none-win_amd64.whl", hash = "sha256:e61120e52ed675747825cdd16febc6a0730537451d867ee58bee3853b1b13d1c"},
]

[[package]]
name = "opt-einsum"
version = "3.4.0"
description = "Path optimization of einsum functions."
optional = false
python-versions = ">=3.8"
files = [
    {file = "opt_einsum-3.4.0-py3-none-any.whl", hash = "sha256:69bb92469f86a1565195ece4ac0323943e83477171b91d24c35afe028a90d7cd"},
    {file = "opt_einsum-3.4.0.tar.gz", hash = "sha256:96ca72f1b886d148241348783498194c577fa30a8faac108586b14f1ba4473ac"},
]

[[package]]
name = "packaging"
version = "24.2"
description = "Core utilities for Python packages"
optional = false
python-versions = ">=3.8"
files = [
    {file = "packaging-24.2-py3-none-any.whl", hash = "sha256:09abb1bccd265c01f4a3aa3f7a7db064b36514d2cba19a2f694fe6150451a759"},
    {file = "packaging-24.2.tar.gz", hash = "sha256:c228a6dc5e932d346bc5739379109d49e8853dd8223571c7c5b55260edc0b97f"},
]

[[package]]
name = "pluggy"
version = "1.5.0"
description = "plugin and hook calling mechanisms for python"
optional = false
python-versions = ">=3.8"
files = [
    {file = "pluggy-1.5.0-py3-none-any.whl", hash = "sha256:44e1ad92c8ca002de6377e165f3e0f1be63266ab4d554740532335b9d75ea669"},
    {file = "pluggy-1.5.0.tar.gz", hash = "sha256:2cffa88e94fdc978c4c574f15f9e59b7f4201d439195c3715ca9e2486f1d0cf1"},
]

[package.extras]
dev = ["pre-commit", "tox"]
testing = ["pytest", "pytest-benchmark"]

[[package]]
name = "pytest"
version = "8.3.4"
description = "pytest: simple powerful testing with Python"
optional = false
python-versions = ">=3.8"
files = [
    {file = "pytest-8.3.4-py3-none-any.whl", hash = "sha256:50e16d954148559c9a74109af1eaf0c945ba2d8f30f0a3d3335edde19788b6f6"},
    {file = "pytest-8.3.4.tar.gz", hash = "sha256:965370d062bce11e73868e0335abac31b4d3de0e82f4007408d242b4f8610761"},
]

[package.dependencies]
colorama = {version = "*", markers = "sys_platform == \"win32\""}
exceptiongroup = {version = ">=1.0.0rc8", markers = "python_version < \"3.11\""}
iniconfig = "*"
packaging = "*"
pluggy = ">=1.5,<2"
tomli = {version = ">=1", markers = "python_version < \"3.11\""}

[package.extras]
dev = ["argcomplete", "attrs (>=19.2)", "hypothesis (>=3.56)", "mock", "pygments (>=2.7.2)", "requests", "setuptools", "xmlschema"]

[[package]]
name = "scipy"
version = "1.14.1"
description = "Fundamental algorithms for scientific computing in Python"
optional = false
python-versions = ">=3.10"
files = [
    {file = "scipy-1.14.1-cp310-cp310-macosx_10_13_x86_64.whl", hash = "sha256:b28d2ca4add7ac16ae8bb6632a3c86e4b9e4d52d3e34267f6e1b0c1f8d87e389"},
    {file = "scipy-1.14.1-cp310-cp310-macosx_12_0_arm64.whl", hash = "sha256:d0d2821003174de06b69e58cef2316a6622b60ee613121199cb2852a873f8cf3"},
    {file = "scipy-1.14.1-cp310-cp310-macosx_14_0_arm64.whl", hash = "sha256:8bddf15838ba768bb5f5083c1ea012d64c9a444e16192762bd858f1e126196d0"},
    {file = "scipy-1.14.1-cp310-cp310-macosx_14_0_x86_64.whl", hash = "sha256:97c5dddd5932bd2a1a31c927ba5e1463a53b87ca96b5c9bdf5dfd6096e27efc3"},
    {file = "scipy-1.14.1-cp310-cp310-manylinux_2_17_aarch64.manylinux2014_aarch64.whl", hash = "sha256:2ff0a7e01e422c15739ecd64432743cf7aae2b03f3084288f399affcefe5222d"},
    {file = "scipy-1.14.1-cp310-cp310-manylinux_2_17_x86_64.manylinux2014_x86_64.whl", hash = "sha256:8e32dced201274bf96899e6491d9ba3e9a5f6b336708656466ad0522d8528f69"},
    {file = "scipy-1.14.1-cp310-cp310-musllinux_1_2_x86_64.whl", hash = "sha256:8426251ad1e4ad903a4514712d2fa8fdd5382c978010d1c6f5f37ef286a713ad"},
    {file = "scipy-1.14.1-cp310-cp310-win_amd64.whl", hash = "sha256:a49f6ed96f83966f576b33a44257d869756df6cf1ef4934f59dd58b25e0327e5"},
    {file = "scipy-1.14.1-cp311-cp311-macosx_10_13_x86_64.whl", hash = "sha256:2da0469a4ef0ecd3693761acbdc20f2fdeafb69e6819cc081308cc978153c675"},
    {file = "scipy-1.14.1-cp311-cp311-macosx_12_0_arm64.whl", hash = "sha256:c0ee987efa6737242745f347835da2cc5bb9f1b42996a4d97d5c7ff7928cb6f2"},
    {file = "scipy-1.14.1-cp311-cp311-macosx_14_0_arm64.whl", hash = "sha256:3a1b111fac6baec1c1d92f27e76511c9e7218f1695d61b59e05e0fe04dc59617"},
    {file = "scipy-1.14.1-cp311-cp311-macosx_14_0_x86_64.whl", hash = "sha256:8475230e55549ab3f207bff11ebfc91c805dc3463ef62eda3ccf593254524ce8"},
    {file = "scipy-1.14.1-cp311-cp311-manylinux_2_17_aarch64.manylinux2014_aarch64.whl", hash = "sha256:278266012eb69f4a720827bdd2dc54b2271c97d84255b2faaa8f161a158c3b37"},
    {file = "scipy-1.14.1-cp311-cp311-manylinux_2_17_x86_64.manylinux2014_x86_64.whl", hash = "sha256:fef8c87f8abfb884dac04e97824b61299880c43f4ce675dd2cbeadd3c9b466d2"},
    {file = "scipy-1.14.1-cp311-cp311-musllinux_1_2_x86_64.whl", hash = "sha256:b05d43735bb2f07d689f56f7b474788a13ed8adc484a85aa65c0fd931cf9ccd2"},
    {file = "scipy-1.14.1-cp311-cp311-win_amd64.whl", hash = "sha256:716e389b694c4bb564b4fc0c51bc84d381735e0d39d3f26ec1af2556ec6aad94"},
    {file = "scipy-1.14.1-cp312-cp312-macosx_10_13_x86_64.whl", hash = "sha256:631f07b3734d34aced009aaf6fedfd0eb3498a97e581c3b1e5f14a04164a456d"},
    {file = "scipy-1.14.1-cp312-cp312-macosx_12_0_arm64.whl", hash = "sha256:af29a935803cc707ab2ed7791c44288a682f9c8107bc00f0eccc4f92c08d6e07"},
    {file = "scipy-1.14.1-cp312-cp312-macosx_14_0_arm64.whl", hash = "sha256:2843f2d527d9eebec9a43e6b406fb7266f3af25a751aa91d62ff416f54170bc5"},
    {file = "scipy-1.14.1-cp312-cp312-macosx_14_0_x86_64.whl", hash = "sha256:eb58ca0abd96911932f688528977858681a59d61a7ce908ffd355957f7025cfc"},
    {file = "scipy-1.14.1-cp312-cp312-manylinux_2_17_aarch64.manylinux2014_aarch64.whl", hash = "sha256:30ac8812c1d2aab7131a79ba62933a2a76f582d5dbbc695192453dae67ad6310"},
    {file = "scipy-1.14.1-cp312-cp312-manylinux_2_17_x86_64.manylinux2014_x86_64.whl", hash = "sha256:8f9ea80f2e65bdaa0b7627fb00cbeb2daf163caa015e59b7516395fe3bd1e066"},
    {file = "scipy-1.14.1-cp312-cp312-musllinux_1_2_x86_64.whl", hash = "sha256:edaf02b82cd7639db00dbff629995ef185c8df4c3ffa71a5562a595765a06ce1"},
    {file = "scipy-1.14.1-cp312-cp312-win_amd64.whl", hash = "sha256:2ff38e22128e6c03ff73b6bb0f85f897d2362f8c052e3b8ad00532198fbdae3f"},
    {file = "scipy-1.14.1-cp313-cp313-macosx_10_13_x86_64.whl", hash = "sha256:1729560c906963fc8389f6aac023739ff3983e727b1a4d87696b7bf108316a79"},
    {file = "scipy-1.14.1-cp313-cp313-macosx_12_0_arm64.whl", hash = "sha256:4079b90df244709e675cdc8b93bfd8a395d59af40b72e339c2287c91860deb8e"},
    {file = "scipy-1.14.1-cp313-cp313-macosx_14_0_arm64.whl", hash = "sha256:e0cf28db0f24a38b2a0ca33a85a54852586e43cf6fd876365c86e0657cfe7d73"},
    {file = "scipy-1.14.1-cp313-cp313-macosx_14_0_x86_64.whl", hash = "sha256:0c2f95de3b04e26f5f3ad5bb05e74ba7f68b837133a4492414b3afd79dfe540e"},
    {file = "scipy-1.14.1-cp313-cp313-manylinux_2_17_aarch64.manylinux2014_aarch64.whl", hash = "sha256:b99722ea48b7ea25e8e015e8341ae74624f72e5f21fc2abd45f3a93266de4c5d"},
    {file = "scipy-1.14.1-cp313-cp313-manylinux_2_17_x86_64.manylinux2014_x86_64.whl", hash = "sha256:5149e3fd2d686e42144a093b206aef01932a0059c2a33ddfa67f5f035bdfe13e"},
    {file = "scipy-1.14.1-cp313-cp313-musllinux_1_2_x86_64.whl", hash = "sha256:e4f5a7c49323533f9103d4dacf4e4f07078f360743dec7f7596949149efeec06"},
    {file = "scipy-1.14.1-cp313-cp313-win_amd64.whl", hash = "sha256:baff393942b550823bfce952bb62270ee17504d02a1801d7fd0719534dfb9c84"},
    {file = "scipy-1.14.1.tar.gz", hash = "sha256:5a275584e726026a5699459aa72f828a610821006228e841b94275c4a7c08417"},
]

[package.dependencies]
numpy = ">=1.23.5,<2.3"

[package.extras]
dev = ["cython-lint (>=0.12.2)", "doit (>=0.36.0)", "mypy (==1.10.0)", "pycodestyle", "pydevtool", "rich-click", "ruff (>=0.0.292)", "types-psutil", "typing_extensions"]
doc = ["jupyterlite-pyodide-kernel", "jupyterlite-sphinx (>=0.13.1)", "jupytext", "matplotlib (>=3.5)", "myst-nb", "numpydoc", "pooch", "pydata-sphinx-theme (>=0.15.2)", "sphinx (>=5.0.0,<=7.3.7)", "sphinx-design (>=0.4.0)"]
test = ["Cython", "array-api-strict (>=2.0)", "asv", "gmpy2", "hypothesis (>=6.30)", "meson", "mpmath", "ninja", "pooch", "pytest", "pytest-cov", "pytest-timeout", "pytest-xdist", "scikit-umfpack", "threadpoolctl"]

[[package]]
name = "tomli"
version = "2.2.1"
description = "A lil' TOML parser"
optional = false
python-versions = ">=3.8"
files = [
    {file = "tomli-2.2.1-cp311-cp311-macosx_10_9_x86_64.whl", hash = "sha256:678e4fa69e4575eb77d103de3df8a895e1591b48e740211bd1067378c69e8249"},
    {file = "tomli-2.2.1-cp311-cp311-macosx_11_0_arm64.whl", hash = "sha256:023aa114dd824ade0100497eb2318602af309e5a55595f76b626d6d9f3b7b0a6"},
    {file = "tomli-2.2.1-cp311-cp311-manylinux_2_17_aarch64.manylinux2014_aarch64.whl", hash = "sha256:ece47d672db52ac607a3d9599a9d48dcb2f2f735c6c2d1f34130085bb12b112a"},
    {file = "tomli-2.2.1-cp311-cp311-manylinux_2_17_x86_64.manylinux2014_x86_64.whl", hash = "sha256:6972ca9c9cc9f0acaa56a8ca1ff51e7af152a9f87fb64623e31d5c83700080ee"},
    {file = "tomli-2.2.1-cp311-cp311-manylinux_2_5_i686.manylinux1_i686.manylinux_2_17_i686.manylinux2014_i686.whl", hash = "sha256:c954d2250168d28797dd4e3ac5cf812a406cd5a92674ee4c8f123c889786aa8e"},
    {file = "tomli-2.2.1-cp311-cp311-musllinux_1_2_aarch64.whl", hash = "sha256:8dd28b3e155b80f4d54beb40a441d366adcfe740969820caf156c019fb5c7ec4"},
    {file = "tomli-2.2.1-cp311-cp311-musllinux_1_2_i686.whl", hash = "sha256:e59e304978767a54663af13c07b3d1af22ddee3bb2fb0618ca1593e4f593a106"},
    {file = "tomli-2.2.1-cp311-cp311-musllinux_1_2_x86_64.whl", hash = "sha256:33580bccab0338d00994d7f16f4c4ec25b776af3ffaac1ed74e0b3fc95e885a8"},
    {file = "tomli-2.2.1-cp311-cp311-win32.whl", hash = "sha256:465af0e0875402f1d226519c9904f37254b3045fc5084697cefb9bdde1ff99ff"},
    {file = "tomli-2.2.1-cp311-cp311-win_amd64.whl", hash = "sha256:2d0f2fdd22b02c6d81637a3c95f8cd77f995846af7414c5c4b8d0545afa1bc4b"},
    {file = "tomli-2.2.1-cp312-cp312-macosx_10_13_x86_64.whl", hash = "sha256:4a8f6e44de52d5e6c657c9fe83b562f5f4256d8ebbfe4ff922c495620a7f6cea"},
    {file = "tomli-2.2.1-cp312-cp312-macosx_11_0_arm64.whl", hash = "sha256:8d57ca8095a641b8237d5b079147646153d22552f1c637fd3ba7f4b0b29167a8"},
    {file = "tomli-2.2.1-cp312-cp312-manylinux_2_17_aarch64.manylinux2014_aarch64.whl", hash = "sha256:4e340144ad7ae1533cb897d406382b4b6fede8890a03738ff1683af800d54192"},
    {file = "tomli-2.2.1-cp312-cp312-manylinux_2_17_x86_64.manylinux2014_x86_64.whl", hash = "sha256:db2b95f9de79181805df90bedc5a5ab4c165e6ec3fe99f970d0e302f384ad222"},
    {file = "tomli-2.2.1-cp312-cp312-manylinux_2_5_i686.manylinux1_i686.manylinux_2_17_i686.manylinux2014_i686.whl", hash = "sha256:40741994320b232529c802f8bc86da4e1aa9f413db394617b9a256ae0f9a7f77"},
    {file = "tomli-2.2.1-cp312-cp312-musllinux_1_2_aarch64.whl", hash = "sha256:400e720fe168c0f8521520190686ef8ef033fb19fc493da09779e592861b78c6"},
    {file = "tomli-2.2.1-cp312-cp312-musllinux_1_2_i686.whl", hash = "sha256:02abe224de6ae62c19f090f68da4e27b10af2b93213d36cf44e6e1c5abd19fdd"},
    {file = "tomli-2.2.1-cp312-cp312-musllinux_1_2_x86_64.whl", hash = "sha256:b82ebccc8c8a36f2094e969560a1b836758481f3dc360ce9a3277c65f374285e"},
    {file = "tomli-2.2.1-cp312-cp312-win32.whl", hash = "sha256:889f80ef92701b9dbb224e49ec87c645ce5df3fa2cc548664eb8a25e03127a98"},
    {file = "tomli-2.2.1-cp312-cp312-win_amd64.whl", hash = "sha256:7fc04e92e1d624a4a63c76474610238576942d6b8950a2d7f908a340494e67e4"},
    {file = "tomli-2.2.1-cp313-cp313-macosx_10_13_x86_64.whl", hash = "sha256:f4039b9cbc3048b2416cc57ab3bda989a6fcf9b36cf8937f01a6e731b64f80d7"},
    {file = "tomli-2.2.1-cp313-cp313-macosx_11_0_arm64.whl", hash = "sha256:286f0ca2ffeeb5b9bd4fcc8d6c330534323ec51b2f52da063b11c502da16f30c"},
    {file = "tomli-2.2.1-cp313-cp313-manylinux_2_17_aarch64.manylinux2014_aarch64.whl", hash = "sha256:a92ef1a44547e894e2a17d24e7557a5e85a9e1d0048b0b5e7541f76c5032cb13"},
    {file = "tomli-2.2.1-cp313-cp313-manylinux_2_17_x86_64.manylinux2014_x86_64.whl", hash = "sha256:9316dc65bed1684c9a98ee68759ceaed29d229e985297003e494aa825ebb0281"},
    {file = "tomli-2.2.1-cp313-cp313-manylinux_2_5_i686.manylinux1_i686.manylinux_2_17_i686.manylinux2014_i686.whl", hash = "sha256:e85e99945e688e32d5a35c1ff38ed0b3f41f43fad8df0bdf79f72b2ba7bc5272"},
    {file = "tomli-2.2.1-cp313-cp313-musllinux_1_2_aarch64.whl", hash = "sha256:ac065718db92ca818f8d6141b5f66369833d4a80a9d74435a268c52bdfa73140"},
    {file = "tomli-2.2.1-cp313-cp313-musllinux_1_2_i686.whl", hash = "sha256:d920f33822747519673ee656a4b6ac33e382eca9d331c87770faa3eef562aeb2"},
    {file = "tomli-2.2.1-cp313-cp313-musllinux_1_2_x86_64.whl", hash = "sha256:a198f10c4d1b1375d7687bc25294306e551bf1abfa4eace6650070a5c1ae2744"},
    {file = "tomli-2.2.1-cp313-cp313-win32.whl", hash = "sha256:d3f5614314d758649ab2ab3a62d4f2004c825922f9e370b29416484086b264ec"},
    {file = "tomli-2.2.1-cp313-cp313-win_amd64.whl", hash = "sha256:a38aa0308e754b0e3c67e344754dff64999ff9b513e691d0e786265c93583c69"},
    {file = "tomli-2.2.1-py3-none-any.whl", hash = "sha256:cb55c73c5f4408779d0cf3eef9f762b9c9f147a77de7b258bef0a5628adc85cc"},
    {file = "tomli-2.2.1.tar.gz", hash = "sha256:cd45e1dc79c835ce60f7404ec8119f2eb06d38b1deba146f07ced3bbc44505ff"},
]

[metadata]
lock-version = "2.0"
python-versions = "^3.10"
content-hash = "fc6e9b893fe332f29ab53b752fcea424df1794bcf265bc03e8a5803f7c5ed036"
